
Microsoft Visual Studio Solution File, Format Version 12.00
# Visual Studio Version 17
VisualStudioVersion = 17.4.33122.133
MinimumVisualStudioVersion = 10.0.40219.1
Project("{9A19103F-16F7-4668-BE54-9A1E7A4F7556}") = "Dashboardscrum", "Dashboardscrum\Dashboardscrum.csproj", "{9480A14C-23D4-469A-8959-B338635064DE}"
EndProject
Global
	GlobalSection(SolutionConfigurationPlatforms) = preSolution
		Debug|Any CPU = Debug|Any CPU
		Release|Any CPU = Release|Any CPU
	EndGlobalSection
	GlobalSection(ProjectConfigurationPlatforms) = postSolution
		{9480A14C-23D4-469A-8959-B338635064DE}.Debug|Any CPU.ActiveCfg = Debug|Any CPU
		{9480A14C-23D4-469A-8959-B338635064DE}.Debug|Any CPU.Build.0 = Debug|Any CPU
		{9480A14C-23D4-469A-8959-B338635064DE}.Release|Any CPU.ActiveCfg = Release|Any CPU
		{9480A14C-23D4-469A-8959-B338635064DE}.Release|Any CPU.Build.0 = Release|Any CPU
	EndGlobalSection
	GlobalSection(SolutionProperties) = preSolution
		HideSolutionNode = FALSE
	EndGlobalSection
	GlobalSection(ExtensibilityGlobals) = postSolution
		SolutionGuid = {1E8161E0-E5E1-4BDD-B7B9-2E4CFDD5A12B}
	EndGlobalSection
EndGlobal
